
Microsoft Visual Studio Solution File, Format Version 12.00
# Visual Studio Version 17
VisualStudioVersion = 17.4.33110.190
MinimumVisualStudioVersion = 10.0.40219.1
Project("{FAE04EC0-301F-11D3-BF4B-00C04F79EFBC}") = "WebApplication1", "WebApplication1\WebApplication1.csproj", "{61780F60-129D-4CCA-B0C7-A3596DA5492C}"
EndProject
Global
	GlobalSection(SolutionConfigurationPlatforms) = preSolution
		Debug|Any CPU = Debug|Any CPU
		Release|Any CPU = Release|Any CPU
	EndGlobalSection
	GlobalSection(ProjectConfigurationPlatforms) = postSolution
		{61780F60-129D-4CCA-B0C7-A3596DA5492C}.Debug|Any CPU.ActiveCfg = Debug|Any CPU
		{61780F60-129D-4CCA-B0C7-A3596DA5492C}.Debug|Any CPU.Build.0 = Debug|Any CPU
		{61780F60-129D-4CCA-B0C7-A3596DA5492C}.Release|Any CPU.ActiveCfg = Release|Any CPU
		{61780F60-129D-4CCA-B0C7-A3596DA5492C}.Release|Any CPU.Build.0 = Release|Any CPU
	EndGlobalSection
	GlobalSection(SolutionProperties) = preSolution
		HideSolutionNode = FALSE
	EndGlobalSection
	GlobalSection(ExtensibilityGlobals) = postSolution
		SolutionGuid = {53622803-5861-4859-97D1-C45167C45B59}
	EndGlobalSection
EndGlobal
